# This file is generated by running "yarn install" inside your project.
# Manual changes might be lost - proceed with caution!

__metadata:
  version: 6
  cacheKey: 8

"@eggjs/yauzl@npm:^2.11.0":
  version: 2.11.0
  resolution: "@eggjs/yauzl@npm:2.11.0"
  dependencies:
    buffer-crc32: ~0.2.3
    fd-slicer2: ^1.2.0
  checksum: 2cc89475aee2e60c03bacb402791795f8f9d6d1a38ae68ac60f65d5c379cbb9ffb85c3268eae032e0f847a3fb6ec74ecfe5978bac5046c3dde980d931d7c4eeb
  languageName: node
  linkType: hard

"@rometools/cli-darwin-arm64@npm:11.0.0":
  version: 11.0.0
  resolution: "@rometools/cli-darwin-arm64@npm:11.0.0"
  conditions: os=darwin & cpu=arm64
  languageName: node
  linkType: hard

"@rometools/cli-darwin-x64@npm:11.0.0":
  version: 11.0.0
  resolution: "@rometools/cli-darwin-x64@npm:11.0.0"
  conditions: os=darwin & cpu=x64
  languageName: node
  linkType: hard

"@rometools/cli-linux-arm64@npm:11.0.0":
  version: 11.0.0
  resolution: "@rometools/cli-linux-arm64@npm:11.0.0"
  conditions: os=linux & cpu=arm64
  languageName: node
  linkType: hard

"@rometools/cli-linux-x64@npm:11.0.0":
  version: 11.0.0
  resolution: "@rometools/cli-linux-x64@npm:11.0.0"
  conditions: os=linux & cpu=x64
  languageName: node
  linkType: hard

"@rometools/cli-win32-arm64@npm:11.0.0":
  version: 11.0.0
  resolution: "@rometools/cli-win32-arm64@npm:11.0.0"
  conditions: os=win32 & cpu=arm64
  languageName: node
  linkType: hard

"@rometools/cli-win32-x64@npm:11.0.0":
  version: 11.0.0
  resolution: "@rometools/cli-win32-x64@npm:11.0.0"
  conditions: os=win32 & cpu=x64
  languageName: node
  linkType: hard

"@tokenizer/token@npm:^0.3.0":
  version: 0.3.0
  resolution: "@tokenizer/token@npm:0.3.0"
  checksum: 1d575d02d2a9f0c5a4ca5180635ebd2ad59e0f18b42a65f3d04844148b49b3db35cf00b6012a1af2d59c2ab3caca59451c5689f747ba8667ee586ad717ee58e1
  languageName: node
  linkType: hard

"@types/node@npm:^18.15.7":
  version: 18.15.7
  resolution: "@types/node@npm:18.15.7"
  checksum: 08d1dd1898be10cd274955ed7f491bcab5b7e70ce66b6a1e996a582d5467f7517046b0d9c5f4e15871df94dd72d1ad9e7be236d2cff1a1450ec906d7fa3062d2
  languageName: node
  linkType: hard

"bl@npm:^1.0.0":
  version: 1.2.3
  resolution: "bl@npm:1.2.3"
  dependencies:
    readable-stream: ^2.3.5
    safe-buffer: ^5.1.1
  checksum: 123f097989ce2fa9087ce761cd41176aaaec864e28f7dfe5c7dab8ae16d66d9844f849c3ad688eb357e3c5e4f49b573e3c0780bb8bc937206735a3b6f8569a5f
  languageName: node
  linkType: hard

"buffer-alloc-unsafe@npm:^1.1.0":
  version: 1.1.0
  resolution: "buffer-alloc-unsafe@npm:1.1.0"
  checksum: c5e18bf51f67754ec843c9af3d4c005051aac5008a3992938dda1344e5cfec77c4b02b4ca303644d1e9a6e281765155ce6356d85c6f5ccc5cd21afc868def396
  languageName: node
  linkType: hard

"buffer-alloc@npm:^1.2.0":
  version: 1.2.0
  resolution: "buffer-alloc@npm:1.2.0"
  dependencies:
    buffer-alloc-unsafe: ^1.1.0
    buffer-fill: ^1.0.0
  checksum: 560cd27f3cbe73c614867da373407d4506309c62fe18de45a1ce191f3785ec6ca2488d802ff82065798542422980ca25f903db078c57822218182c37c3576df5
  languageName: node
  linkType: hard

"buffer-crc32@npm:~0.2.3":
  version: 0.2.13
  resolution: "buffer-crc32@npm:0.2.13"
  checksum: 06252347ae6daca3453b94e4b2f1d3754a3b146a111d81c68924c22d91889a40623264e95e67955b1cb4a68cbedf317abeabb5140a9766ed248973096db5ce1c
  languageName: node
  linkType: hard

"buffer-fill@npm:^1.0.0":
  version: 1.0.0
  resolution: "buffer-fill@npm:1.0.0"
  checksum: c29b4723ddeab01e74b5d3b982a0c6828f2ded49cef049ddca3dac661c874ecdbcecb5dd8380cf0f4adbeb8cff90a7de724126750a1f1e5ebd4eb6c59a1315b1
  languageName: node
  linkType: hard

"compressing@npm:^1.8.0":
  version: 1.8.0
  resolution: "compressing@npm:1.8.0"
  dependencies:
    "@eggjs/yauzl": ^2.11.0
    flushwritable: ^1.0.0
    get-ready: ^1.0.0
    iconv-lite: ^0.5.0
    mkdirp: ^0.5.1
    pump: ^3.0.0
    streamifier: ^0.1.1
    tar-stream: ^1.5.2
    yazl: ^2.4.2
  checksum: 5580d4861d85af1f4b796db96c97d6fcd2cd6765cad6e9cda9e4430f1568629886969605e304b7e381503313a5cfb2cf71a1a3ce5d0de960a69b5105fb370741
  languageName: node
  linkType: hard

"core-util-is@npm:~1.0.0":
  version: 1.0.3
  resolution: "core-util-is@npm:1.0.3"
  checksum: 9de8597363a8e9b9952491ebe18167e3b36e7707569eed0ebf14f8bba773611376466ae34575bca8cfe3c767890c859c74056084738f09d4e4a6f902b2ad7d99
  languageName: node
  linkType: hard

"end-of-stream@npm:^1.0.0, end-of-stream@npm:^1.1.0":
  version: 1.4.4
  resolution: "end-of-stream@npm:1.4.4"
  dependencies:
    once: ^1.4.0
  checksum: 530a5a5a1e517e962854a31693dbb5c0b2fc40b46dad2a56a2deec656ca040631124f4795823acc68238147805f8b021abbe221f4afed5ef3c8e8efc2024908b
  languageName: node
  linkType: hard

"fd-slicer2@npm:^1.2.0":
  version: 1.2.0
  resolution: "fd-slicer2@npm:1.2.0"
  dependencies:
    pend: ^1.2.0
  checksum: 58f698ad98acabdec181dab48b076c46b36f57f188c51be19950f8088ce2a55c508660ddd0707720c8a284666ee88c12c122be04de7becc8258eda88e645df34
  languageName: node
  linkType: hard

"file-type@npm:^18.2.1":
  version: 18.2.1
  resolution: "file-type@npm:18.2.1"
  dependencies:
    readable-web-to-node-stream: ^3.0.2
    strtok3: ^7.0.0
    token-types: ^5.0.1
  checksum: bbc9381292e96a72ecd892f9f5e1a9a8d3f9717955841346e55891acfe099135bfa149f7dad51f35ee52b5e7e0a1a02d7375061b2800758011682c2e9d96953e
  languageName: node
  linkType: hard

"flushwritable@npm:^1.0.0":
  version: 1.0.0
  resolution: "flushwritable@npm:1.0.0"
  checksum: 3e94480c1f47d531807c0f1e6cb171f58c1dd213b0365e1d11bf475a9d3a4dc7cdf77d7a9c03f4c41855fd7b494428b7a03df0f1ddb0d30e134ca817df2516c3
  languageName: node
  linkType: hard

"fs-constants@npm:^1.0.0":
  version: 1.0.0
  resolution: "fs-constants@npm:1.0.0"
  checksum: 18f5b718371816155849475ac36c7d0b24d39a11d91348cfcb308b4494824413e03572c403c86d3a260e049465518c4f0d5bd00f0371cdfcad6d4f30a85b350d
  languageName: node
  linkType: hard

"get-ready@npm:^1.0.0":
  version: 1.0.0
  resolution: "get-ready@npm:1.0.0"
  checksum: a4f3a2d7af3721d03f0f20206d1e6783671c276518ff6837b5f8b5c8fe77c6dad331353fe002c19163e1607fd47d377e5d4e8abbd28616a00ad4072d48840994
  languageName: node
  linkType: hard

"iconv-lite@npm:^0.5.0":
  version: 0.5.2
  resolution: "iconv-lite@npm:0.5.2"
  dependencies:
    safer-buffer: ">= 2.1.2 < 3"
  checksum: aa184914b74db7a23feb98cad3e4ed22058f2aa27c5613a127327423b3230a0b934665c2aecf5dc657a58a59891c92fd1e721ed160d1b2f3c682bc26e3fe3f14
  languageName: node
  linkType: hard

"ieee754@npm:^1.2.1":
  version: 1.2.1
  resolution: "ieee754@npm:1.2.1"
  checksum: 5144c0c9815e54ada181d80a0b810221a253562422e7c6c3a60b1901154184f49326ec239d618c416c1c5945a2e197107aee8d986a3dd836b53dffefd99b5e7e
  languageName: node
  linkType: hard

"inherits@npm:^2.0.3, inherits@npm:~2.0.3":
  version: 2.0.4
  resolution: "inherits@npm:2.0.4"
  checksum: 4a48a733847879d6cf6691860a6b1e3f0f4754176e4d71494c41f3475553768b10f84b5ce1d40fbd0e34e6bfbb864ee35858ad4dd2cf31e02fc4a154b724d7f1
  languageName: node
  linkType: hard

"isarray@npm:~1.0.0":
  version: 1.0.0
  resolution: "isarray@npm:1.0.0"
  checksum: f032df8e02dce8ec565cf2eb605ea939bdccea528dbcf565cdf92bfa2da9110461159d86a537388ef1acef8815a330642d7885b29010e8f7eac967c9993b65ab
  languageName: node
  linkType: hard

"minimist@npm:^1.2.6":
  version: 1.2.8
  resolution: "minimist@npm:1.2.8"
  checksum: 75a6d645fb122dad29c06a7597bddea977258957ed88d7a6df59b5cd3fe4a527e253e9bbf2e783e4b73657f9098b96a5fe96ab8a113655d4109108577ecf85b0
  languageName: node
  linkType: hard

"mkdirp@npm:^0.5.1":
  version: 0.5.6
  resolution: "mkdirp@npm:0.5.6"
  dependencies:
    minimist: ^1.2.6
  bin:
    mkdirp: bin/cmd.js
  checksum: 0c91b721bb12c3f9af4b77ebf73604baf350e64d80df91754dc509491ae93bf238581e59c7188360cec7cb62fc4100959245a42cfe01834efedc5e9d068376c2
  languageName: node
  linkType: hard

"once@npm:^1.3.1, once@npm:^1.4.0":
  version: 1.4.0
  resolution: "once@npm:1.4.0"
  dependencies:
    wrappy: 1
  checksum: cd0a88501333edd640d95f0d2700fbde6bff20b3d4d9bdc521bdd31af0656b5706570d6c6afe532045a20bb8dc0849f8332d6f2a416e0ba6d3d3b98806c7db68
  languageName: node
  linkType: hard

"peek-readable@npm:^5.0.0":
  version: 5.0.0
  resolution: "peek-readable@npm:5.0.0"
  checksum: bef5ceb50586eb42e14efba274ac57ffe97f0ed272df9239ce029f688f495d9bf74b2886fa27847c706a9db33acda4b7d23bbd09a2d21eb4c2a54da915117414
  languageName: node
  linkType: hard

"pend@npm:^1.2.0":
  version: 1.2.0
  resolution: "pend@npm:1.2.0"
  checksum: 6c72f5243303d9c60bd98e6446ba7d30ae29e3d56fdb6fae8767e8ba6386f33ee284c97efe3230a0d0217e2b1723b8ab490b1bbf34fcbb2180dbc8a9de47850d
  languageName: node
  linkType: hard

"process-nextick-args@npm:~2.0.0":
  version: 2.0.1
  resolution: "process-nextick-args@npm:2.0.1"
  checksum: 1d38588e520dab7cea67cbbe2efdd86a10cc7a074c09657635e34f035277b59fbb57d09d8638346bf7090f8e8ebc070c96fa5fd183b777fff4f5edff5e9466cf
  languageName: node
  linkType: hard

"pump@npm:^3.0.0":
  version: 3.0.0
  resolution: "pump@npm:3.0.0"
  dependencies:
    end-of-stream: ^1.1.0
    once: ^1.3.1
  checksum: e42e9229fba14732593a718b04cb5e1cfef8254544870997e0ecd9732b189a48e1256e4e5478148ecb47c8511dca2b09eae56b4d0aad8009e6fac8072923cfc9
  languageName: node
  linkType: hard

"readable-stream@npm:^2.3.0, readable-stream@npm:^2.3.5":
  version: 2.3.8
  resolution: "readable-stream@npm:2.3.8"
  dependencies:
    core-util-is: ~1.0.0
    inherits: ~2.0.3
    isarray: ~1.0.0
    process-nextick-args: ~2.0.0
    safe-buffer: ~5.1.1
    string_decoder: ~1.1.1
    util-deprecate: ~1.0.1
  checksum: 65645467038704f0c8aaf026a72fbb588a9e2ef7a75cd57a01702ee9db1c4a1e4b03aaad36861a6a0926546a74d174149c8c207527963e0c2d3eee2f37678a42
  languageName: node
  linkType: hard

"readable-stream@npm:^3.6.0":
  version: 3.6.2
  resolution: "readable-stream@npm:3.6.2"
  dependencies:
    inherits: ^2.0.3
    string_decoder: ^1.1.1
    util-deprecate: ^1.0.1
  checksum: bdcbe6c22e846b6af075e32cf8f4751c2576238c5043169a1c221c92ee2878458a816a4ea33f4c67623c0b6827c8a400409bfb3cf0bf3381392d0b1dfb52ac8d
  languageName: node
  linkType: hard

"readable-web-to-node-stream@npm:^3.0.2":
  version: 3.0.2
  resolution: "readable-web-to-node-stream@npm:3.0.2"
  dependencies:
    readable-stream: ^3.6.0
  checksum: 8c56cc62c68513425ddfa721954875b382768f83fa20e6b31e365ee00cbe7a3d6296f66f7f1107b16cd3416d33aa9f1680475376400d62a081a88f81f0ea7f9c
  languageName: node
  linkType: hard

"rome@npm:^11.0.0":
  version: 11.0.0
  resolution: "rome@npm:11.0.0"
  dependencies:
    "@rometools/cli-darwin-arm64": 11.0.0
    "@rometools/cli-darwin-x64": 11.0.0
    "@rometools/cli-linux-arm64": 11.0.0
    "@rometools/cli-linux-x64": 11.0.0
    "@rometools/cli-win32-arm64": 11.0.0
    "@rometools/cli-win32-x64": 11.0.0
  dependenciesMeta:
    "@rometools/cli-darwin-arm64":
      optional: true
    "@rometools/cli-darwin-x64":
      optional: true
    "@rometools/cli-linux-arm64":
      optional: true
    "@rometools/cli-linux-x64":
      optional: true
    "@rometools/cli-win32-arm64":
      optional: true
    "@rometools/cli-win32-x64":
      optional: true
  bin:
    rome: bin/rome
  checksum: 3c92a47c78a66c62f94b6a3a72ead92a20c23326d2d73785ce88c03897b60b8114c285a636acc24bd11039381ded48f8c58c6cc5c4cc46ce7eed092c90d9a054
  languageName: node
  linkType: hard

"safe-buffer@npm:^5.1.1, safe-buffer@npm:~5.2.0":
  version: 5.2.1
  resolution: "safe-buffer@npm:5.2.1"
  checksum: b99c4b41fdd67a6aaf280fcd05e9ffb0813654894223afb78a31f14a19ad220bba8aba1cb14eddce1fcfb037155fe6de4e861784eb434f7d11ed58d1e70dd491
  languageName: node
  linkType: hard

"safe-buffer@npm:~5.1.0, safe-buffer@npm:~5.1.1":
  version: 5.1.2
  resolution: "safe-buffer@npm:5.1.2"
  checksum: f2f1f7943ca44a594893a852894055cf619c1fbcb611237fc39e461ae751187e7baf4dc391a72125e0ac4fb2d8c5c0b3c71529622e6a58f46b960211e704903c
  languageName: node
  linkType: hard

"safer-buffer@npm:>= 2.1.2 < 3":
  version: 2.1.2
  resolution: "safer-buffer@npm:2.1.2"
  checksum: cab8f25ae6f1434abee8d80023d7e72b598cf1327164ddab31003c51215526801e40b66c5e65d658a0af1e9d6478cadcb4c745f4bd6751f97d8644786c0978b0
  languageName: node
  linkType: hard

"streamifier@npm:^0.1.1":
  version: 0.1.1
  resolution: "streamifier@npm:0.1.1"
  checksum: 67a8285c4d71ae1fa0ed5e0966a0483d962f5140bab28ad04657f57de521ab4e9d929c2ec8c51a4393c838ce664db2e398de3ee9bd9da727a4f35bb85915ed2d
  languageName: node
  linkType: hard

"string_decoder@npm:^1.1.1":
  version: 1.3.0
  resolution: "string_decoder@npm:1.3.0"
  dependencies:
    safe-buffer: ~5.2.0
  checksum: 8417646695a66e73aefc4420eb3b84cc9ffd89572861fe004e6aeb13c7bc00e2f616247505d2dbbef24247c372f70268f594af7126f43548565c68c117bdeb56
  languageName: node
  linkType: hard

"string_decoder@npm:~1.1.1":
  version: 1.1.1
  resolution: "string_decoder@npm:1.1.1"
  dependencies:
    safe-buffer: ~5.1.0
  checksum: 9ab7e56f9d60a28f2be697419917c50cac19f3e8e6c28ef26ed5f4852289fe0de5d6997d29becf59028556f2c62983790c1d9ba1e2a3cc401768ca12d5183a5b
  languageName: node
  linkType: hard

"strtok3@npm:^7.0.0":
  version: 7.0.0
  resolution: "strtok3@npm:7.0.0"
  dependencies:
    "@tokenizer/token": ^0.3.0
    peek-readable: ^5.0.0
  checksum: 2ebe7ad8f2aea611dec6742cf6a42e82764892a362907f7ce493faf334501bf981ce21c828dcc300457e6d460dc9c34d644ededb3b01dcb9e37559203cf1748c
  languageName: node
  linkType: hard

"tar-stream@npm:^1.5.2":
  version: 1.6.2
  resolution: "tar-stream@npm:1.6.2"
  dependencies:
    bl: ^1.0.0
    buffer-alloc: ^1.2.0
    end-of-stream: ^1.0.0
    fs-constants: ^1.0.0
    readable-stream: ^2.3.0
    to-buffer: ^1.1.1
    xtend: ^4.0.0
  checksum: a5d49e232d3e33321bbd150381b6a4e5046bf12b1c2618acb95435b7871efde4d98bd1891eb2200478a7142ef7e304e033eb29bbcbc90451a2cdfa1890e05245
  languageName: node
  linkType: hard

"to-buffer@npm:^1.1.1":
  version: 1.1.1
  resolution: "to-buffer@npm:1.1.1"
  checksum: 6c897f58c2bdd8b8b1645ea515297732fec6dafb089bf36d12370c102ff5d64abf2be9410e0b1b7cfc707bada22d9a4084558010bfc78dd7023748dc5dd9a1ce
  languageName: node
  linkType: hard

"token-types@npm:^5.0.1":
  version: 5.0.1
  resolution: "token-types@npm:5.0.1"
  dependencies:
    "@tokenizer/token": ^0.3.0
    ieee754: ^1.2.1
  checksum: 32780123bc6ce8b6a2231d860445c994a02a720abf38df5583ea957aa6626873cd1c4dd8af62314da4cf16ede00c379a765707a3b06f04b8808c38efdae1c785
  languageName: node
  linkType: hard

"typescript@npm:^5.0.2":
  version: 5.0.2
  resolution: "typescript@npm:5.0.2"
  bin:
    tsc: bin/tsc
    tsserver: bin/tsserver
  checksum: bef1dcd166acfc6934b2ec4d72f93edb8961a5fab36b8dd2aaf6f4f4cd5c0210f2e0850aef4724f3b4913d5aef203a94a28ded731b370880c8bcff7e4ff91fc1
  languageName: node
  linkType: hard

"typescript@patch:typescript@^5.0.2#~builtin<compat/typescript>":
  version: 5.0.2
  resolution: "typescript@patch:typescript@npm%3A5.0.2#~builtin<compat/typescript>::version=5.0.2&hash=85af82"
  bin:
    tsc: bin/tsc
    tsserver: bin/tsserver
  checksum: b63cb742fbb9aeb3085e002ad8f10d5fd963606aa4d6b3b65b4e76c396ff09739f03b5dbae08e1698c3bce9d5619d3f67aeb7ee470ed4016bd345b3cfe37b54a
  languageName: node
  linkType: hard

"unarchive@workspace:.":
  version: 0.0.0-use.local
  resolution: "unarchive@workspace:."
  dependencies:
    "@types/node": ^18.15.7
    compressing: ^1.8.0
    file-type: ^18.2.1
    rome: ^11.0.0
    typescript: ^5.0.2
  languageName: unknown
  linkType: soft

"util-deprecate@npm:^1.0.1, util-deprecate@npm:~1.0.1":
  version: 1.0.2
  resolution: "util-deprecate@npm:1.0.2"
  checksum: 474acf1146cb2701fe3b074892217553dfcf9a031280919ba1b8d651a068c9b15d863b7303cb15bd00a862b498e6cf4ad7b4a08fb134edd5a6f7641681cb54a2
  languageName: node
  linkType: hard

"wrappy@npm:1":
  version: 1.0.2
  resolution: "wrappy@npm:1.0.2"
  checksum: 159da4805f7e84a3d003d8841557196034155008f817172d4e986bd591f74aa82aa7db55929a54222309e01079a65a92a9e6414da5a6aa4b01ee44a511ac3ee5
  languageName: node
  linkType: hard

"xtend@npm:^4.0.0":
  version: 4.0.2
  resolution: "xtend@npm:4.0.2"
  checksum: ac5dfa738b21f6e7f0dd6e65e1b3155036d68104e67e5d5d1bde74892e327d7e5636a076f625599dc394330a731861e87343ff184b0047fef1360a7ec0a5a36a
  languageName: node
  linkType: hard

"yazl@npm:^2.4.2":
  version: 2.5.1
  resolution: "yazl@npm:2.5.1"
  dependencies:
    buffer-crc32: ~0.2.3
  checksum: daec5154b5485d8621bfea359e905ddca0b2f068430a4aa0a802bf5d67391157a383e0c2767acccbf5964264851da643bc740155a9458e2d8dce55b94c1cc2ed
  languageName: node
  linkType: hard
